
Microsoft Visual Studio Solution File, Format Version 12.00
# Visual Studio Version 17
VisualStudioVersion = 17.2.32519.379
MinimumVisualStudioVersion = 10.0.40219.1
Project("{9A19103F-16F7-4668-BE54-9A1E7A4F7556}") = "RISCOHelper", "RISCOHelper\RISCOHelper.csproj", "{2D60C1A6-7F64-4D1C-AEAF-210D641FEBCB}"
EndProject
Project("{FAE04EC0-301F-11D3-BF4B-00C04F79EFBC}") = "RISCOHelper.UnitTests", "RISCOHelper.UnitTests\RISCOHelper.UnitTests.csproj", "{4DFCE833-10DD-447D-9254-A50D371B25DA}"
EndProject
Global
	GlobalSection(SolutionConfigurationPlatforms) = preSolution
		Debug|Any CPU = Debug|Any CPU
		Release|Any CPU = Release|Any CPU
	EndGlobalSection
	GlobalSection(ProjectConfigurationPlatforms) = postSolution
		{2D60C1A6-7F64-4D1C-AEAF-210D641FEBCB}.Debug|Any CPU.ActiveCfg = Debug|Any CPU
		{2D60C1A6-7F64-4D1C-AEAF-210D641FEBCB}.Debug|Any CPU.Build.0 = Debug|Any CPU
		{2D60C1A6-7F64-4D1C-AEAF-210D641FEBCB}.Release|Any CPU.ActiveCfg = Release|Any CPU
		{2D60C1A6-7F64-4D1C-AEAF-210D641FEBCB}.Release|Any CPU.Build.0 = Release|Any CPU
		{4DFCE833-10DD-447D-9254-A50D371B25DA}.Debug|Any CPU.ActiveCfg = Debug|Any CPU
		{4DFCE833-10DD-447D-9254-A50D371B25DA}.Debug|Any CPU.Build.0 = Debug|Any CPU
		{4DFCE833-10DD-447D-9254-A50D371B25DA}.Release|Any CPU.ActiveCfg = Release|Any CPU
		{4DFCE833-10DD-447D-9254-A50D371B25DA}.Release|Any CPU.Build.0 = Release|Any CPU
	EndGlobalSection
	GlobalSection(SolutionProperties) = preSolution
		HideSolutionNode = FALSE
	EndGlobalSection
	GlobalSection(ExtensibilityGlobals) = postSolution
		SolutionGuid = {A86F16FF-1FAF-4F59-AB04-9FD3C6C8276A}
	EndGlobalSection
EndGlobal
